
Microsoft Visual Studio Solution File, Format Version 12.00
# Visual Studio Version 16
VisualStudioVersion = 16.0.30717.126
MinimumVisualStudioVersion = 10.0.40219.1
Project("{9A19103F-16F7-4668-BE54-9A1E7A4F7556}") = "SiCAEWeb", "SiCAEWeb\SiCAEWeb.csproj", "{EE74BD18-5960-4DD8-A08E-C8F4EF13B5A3}"
EndProject
Project("{9A19103F-16F7-4668-BE54-9A1E7A4F7556}") = "Core", "Core\Core.csproj", "{5A076D8F-C9A8-4D11-A408-EF3E5686DFFE}"
EndProject
Project("{9A19103F-16F7-4668-BE54-9A1E7A4F7556}") = "Service", "Service\Service.csproj", "{C1202EDF-AD02-49A6-8752-EE6895CADE5B}"
EndProject
Project("{FAE04EC0-301F-11D3-BF4B-00C04F79EFBC}") = "Testes", "Testes\Testes.csproj", "{FA191E2D-FDBA-491E-8E83-8B09ED0C4791}"
EndProject
Global
	GlobalSection(SolutionConfigurationPlatforms) = preSolution
		Debug|Any CPU = Debug|Any CPU
		Release|Any CPU = Release|Any CPU
	EndGlobalSection
	GlobalSection(ProjectConfigurationPlatforms) = postSolution
		{EE74BD18-5960-4DD8-A08E-C8F4EF13B5A3}.Debug|Any CPU.ActiveCfg = Debug|Any CPU
		{EE74BD18-5960-4DD8-A08E-C8F4EF13B5A3}.Debug|Any CPU.Build.0 = Debug|Any CPU
		{EE74BD18-5960-4DD8-A08E-C8F4EF13B5A3}.Release|Any CPU.ActiveCfg = Release|Any CPU
		{EE74BD18-5960-4DD8-A08E-C8F4EF13B5A3}.Release|Any CPU.Build.0 = Release|Any CPU
		{5A076D8F-C9A8-4D11-A408-EF3E5686DFFE}.Debug|Any CPU.ActiveCfg = Debug|Any CPU
		{5A076D8F-C9A8-4D11-A408-EF3E5686DFFE}.Debug|Any CPU.Build.0 = Debug|Any CPU
		{5A076D8F-C9A8-4D11-A408-EF3E5686DFFE}.Release|Any CPU.ActiveCfg = Release|Any CPU
		{5A076D8F-C9A8-4D11-A408-EF3E5686DFFE}.Release|Any CPU.Build.0 = Release|Any CPU
		{C1202EDF-AD02-49A6-8752-EE6895CADE5B}.Debug|Any CPU.ActiveCfg = Debug|Any CPU
		{C1202EDF-AD02-49A6-8752-EE6895CADE5B}.Debug|Any CPU.Build.0 = Debug|Any CPU
		{C1202EDF-AD02-49A6-8752-EE6895CADE5B}.Release|Any CPU.ActiveCfg = Release|Any CPU
		{C1202EDF-AD02-49A6-8752-EE6895CADE5B}.Release|Any CPU.Build.0 = Release|Any CPU
		{FA191E2D-FDBA-491E-8E83-8B09ED0C4791}.Debug|Any CPU.ActiveCfg = Debug|Any CPU
		{FA191E2D-FDBA-491E-8E83-8B09ED0C4791}.Debug|Any CPU.Build.0 = Debug|Any CPU
		{FA191E2D-FDBA-491E-8E83-8B09ED0C4791}.Release|Any CPU.ActiveCfg = Release|Any CPU
		{FA191E2D-FDBA-491E-8E83-8B09ED0C4791}.Release|Any CPU.Build.0 = Release|Any CPU
	EndGlobalSection
	GlobalSection(SolutionProperties) = preSolution
		HideSolutionNode = FALSE
	EndGlobalSection
	GlobalSection(ExtensibilityGlobals) = postSolution
		SolutionGuid = {401F8E38-420E-4E81-8681-4608A885948A}
	EndGlobalSection
EndGlobal
